<?xml version="1.0" encoding="utf-8"?>
<Project ToolsVersion="Current" xmlns="http://schemas.microsoft.com/developer/msbuild/2003">
  <ItemGroup>
    <ClCompile Include="src\compiler\ast.cpp">
      <Filter>src\compiler</Filter>
    </ClCompile>
    <ClCompile Include="src\lib\baselib.cpp">
      <Filter>src\lib</Filter>
    </ClCompile>
    <ClCompile Include="src\lib\lib_manager.cpp">
      <Filter>src\lib</Filter>
    </ClCompile>
    <ClCompile Include="src\lib\lib_registry.cpp">
      <Filter>src\lib</Filter>
    </ClCompile>
    <ClCompile Include="src\compiler\codegen.cpp">
      <Filter>src\compiler</Filter>
    </ClCompile>
    <ClCompile Include="src\compiler\codegen_binding.cpp">
      <Filter>src\compiler</Filter>
    </ClCompile>
    <ClCompile Include="src\compiler\codegen_expr.cpp">
      <Filter>src\compiler</Filter>
    </ClCompile>
    <ClCompile Include="src\compiler\codegen_jump.cpp">
      <Filter>src\compiler</Filter>
    </ClCompile>
    <ClCompile Include="src\compiler\codegen_stmt.cpp">
      <Filter>src\compiler</Filter>
    </ClCompile>
    <ClCompile Include="src\core\function.cpp">
      <Filter>src\core</Filter>
    </ClCompile>
    <ClCompile Include="src\gc\garbage_collector.cpp">
      <Filter>src\gc</Filter>
    </ClCompile>
    <ClCompile Include="src\gc\gc_mark.cpp">
      <Filter>src\gc</Filter>
    </ClCompile>
    <ClCompile Include="src\gc\gc_sweep.cpp">
      <Filter>src\gc</Filter>
    </ClCompile>
    <ClCompile Include="src\gc\gc_finalize.cpp">
      <Filter>src\gc</Filter>
    </ClCompile>
    <ClCompile Include="src\gc\gc_weak.cpp">
      <Filter>src\gc</Filter>
    </ClCompile>
    <ClCompile Include="src\core\gc_object.cpp">
      <Filter>src\core</Filter>
    </ClCompile>
    <ClCompile Include="src\core\gc_string.cpp">
      <Filter>src\core</Filter>
    </ClCompile>
    <ClCompile Include="src\compiler\lexer.cpp">
      <Filter>src\compiler</Filter>
    </ClCompile>
    <ClCompile Include="src\compiler\opcode.cpp">
      <Filter>src\compiler</Filter>
    </ClCompile>
    <ClCompile Include="src\compiler\parser.cpp">
      <Filter>src\compiler</Filter>
    </ClCompile>
    <ClCompile Include="src\compiler\parser_expr.cpp">
      <Filter>src\compiler</Filter>
    </ClCompile>
    <ClCompile Include="src\compiler\parser_func.cpp">
      <Filter>src\compiler</Filter>
    </ClCompile>
    <ClCompile Include="src\compiler\parser_primary.cpp">
      <Filter>src\compiler</Filter>
    </ClCompile>
    <ClCompile Include="src\compiler\parser_stmt.cpp">
      <Filter>src\compiler</Filter>
    </ClCompile>
    <ClCompile Include="src\compiler\parser_table.cpp">
      <Filter>src\compiler</Filter>
    </ClCompile>
    <ClCompile Include="src\vm\stack.cpp">
      <Filter>src\vm</Filter>
    </ClCompile>
    <ClCompile Include="src\core\string_pool.cpp">
      <Filter>src\core</Filter>
    </ClCompile>
    <ClCompile Include="src\core\table.cpp">
      <Filter>src\core</Filter>
    </ClCompile>
    <ClCompile Include="src\core\upvalue.cpp">
      <Filter>src\core</Filter>
    </ClCompile>
    <ClCompile Include="src\vm\vm.cpp">
      <Filter>src\vm</Filter>
    </ClCompile>
    <ClCompile Include="src\vm\vm_arith.cpp">
      <Filter>src\vm</Filter>
    </ClCompile>
    <ClCompile Include="src\vm\vm_call.cpp">
      <Filter>src\vm</Filter>
    </ClCompile>
    <ClCompile Include="src\vm\vm_entry.cpp">
      <Filter>src\vm</Filter>
    </ClCompile>
    <ClCompile Include="src\vm\vm_frame.cpp">
      <Filter>src\vm</Filter>
    </ClCompile>
    <ClCompile Include="src\vm\vm_loop.cpp">
      <Filter>src\vm</Filter>
    </ClCompile>
    <ClCompile Include="src\vm\vm_ops.cpp">
      <Filter>src\vm</Filter>
    </ClCompile>
    <ClCompile Include="src\vm\vm_table.cpp">
      <Filter>src\vm</Filter>
    </ClCompile>
    <ClCompile Include="src\vm\vm_trace.cpp">
      <Filter>src\vm</Filter>
    </ClCompile>
    <ClCompile Include="src\vm\lua_state.cpp">
      <Filter>src\vm</Filter>
    </ClCompile>
    <ClCompile Include="src\vm\global_state.cpp">
      <Filter>src\vm</Filter>
    </ClCompile>
    <ClCompile Include="src\core\value.cpp">
      <Filter>src\core</Filter>
    </ClCompile>
    <ClCompile Include="src\core\userdata.cpp">
      <Filter>src\core</Filter>
    </ClCompile>
    <ClCompile Include="src\core\metatable.cpp">
      <Filter>src\core</Filter>
    </ClCompile>
    <ClCompile Include="src\io\dynamic_buffer.cpp">
      <Filter>src\io</Filter>
    </ClCompile>
    <ClCompile Include="src\io\file_loader.cpp">
      <Filter>src\io</Filter>
    </ClCompile>
    <ClCompile Include="src\io\input_stream.cpp">
      <Filter>src\io</Filter>
    </ClCompile>
    <ClCompile Include="src\lib\mathlib.cpp">
      <Filter>src\lib</Filter>
    </ClCompile>
    <ClCompile Include="src\lib\iolib.cpp">
      <Filter>src\lib</Filter>
    </ClCompile>
    <ClCompile Include="src\lib\stringlib.cpp">
      <Filter>src\lib</Filter>
    </ClCompile>
    <ClCompile Include="src\lib\tablelib.cpp">
      <Filter>src\lib</Filter>
    </ClCompile>
    <ClCompile Include="src\lib\oslib.cpp">
      <Filter>src\lib</Filter>
    </ClCompile>
    <ClCompile Include="src\debug\value_serializer.cpp">
      <Filter>src\debug</Filter>
    </ClCompile>
    <ClCompile Include="src\debug\json_trace_sink.cpp">
      <Filter>src\debug</Filter>
    </ClCompile>
    <ClCompile Include="src\lib\coroutinelib.cpp">
      <Filter>src\lib</Filter>
    </ClCompile>
    <ClCompile Include="src\lib\debuglib.cpp">
      <Filter>src\lib</Filter>
    </ClCompile>
    <ClCompile Include="src\core\thread.cpp">
      <Filter>src\core</Filter>
    </ClCompile>
    <ClCompile Include="src\lib\packagelib.cpp">
      <Filter>src\lib</Filter>
    </ClCompile>
    <ClCompile Include="src\lib\lib_catalog.cpp">
      <Filter>src\lib</Filter>
    </ClCompile>
  </ItemGroup>
  <ItemGroup>
    <ClInclude Include="src\compiler\ast.hpp">
      <Filter>src\compiler</Filter>
    </ClInclude>
    <ClInclude Include="src\compiler\ast_visitor.hpp">
      <Filter>src\compiler</Filter>
    </ClInclude>
    <ClInclude Include="src\lib\baselib.hpp">
      <Filter>src\lib</Filter>
    </ClInclude>
    <ClInclude Include="src\lib\lib_manager.hpp">
      <Filter>src\lib</Filter>
    </ClInclude>
    <ClInclude Include="src\lib\lib_module.hpp">
      <Filter>src\lib</Filter>
    </ClInclude>
    <ClInclude Include="src\lib\lib_registry.hpp">
      <Filter>src\lib</Filter>
    </ClInclude>
    <ClInclude Include="src\vm\call_info.hpp">
      <Filter>src\vm</Filter>
    </ClInclude>
    <ClInclude Include="src\compiler\codegen.hpp">
      <Filter>src\compiler</Filter>
    </ClInclude>
    <ClInclude Include="src\compiler\bytecode_builder.hpp">
      <Filter>src\compiler</Filter>
    </ClInclude>
    <ClInclude Include="src\compiler\codegen_context.hpp">
      <Filter>src\compiler</Filter>
    </ClInclude>
    <ClInclude Include="src\compiler\codegen_state.hpp">
      <Filter>src\compiler</Filter>
    </ClInclude>
    <ClInclude Include="src\compiler\codegen_types.hpp">
      <Filter>src\compiler</Filter>
    </ClInclude>
    <ClInclude Include="src\compiler\register_allocator.hpp">
      <Filter>src\compiler</Filter>
    </ClInclude>
    <ClInclude Include="src\common\config.hpp">
      <Filter>src\common</Filter>
    </ClInclude>
    <ClInclude Include="src\core\function.hpp">
      <Filter>src\core</Filter>
    </ClInclude>
    <ClInclude Include="src\gc\garbage_collector.hpp">
      <Filter>src\gc</Filter>
    </ClInclude>
    <ClInclude Include="src\core\gc_object.hpp">
      <Filter>src\core</Filter>
    </ClInclude>
    <ClInclude Include="src\core\gc_string.hpp">
      <Filter>src\core</Filter>
    </ClInclude>
    <ClInclude Include="src\compiler\lexer.hpp">
      <Filter>src\compiler</Filter>
    </ClInclude>
    <ClInclude Include="src\common\macros.hpp">
      <Filter>src\common</Filter>
    </ClInclude>
    <ClInclude Include="src\compiler\opcode.hpp">
      <Filter>src\compiler</Filter>
    </ClInclude>
    <ClInclude Include="src\compiler\parser.hpp">
      <Filter>src\compiler</Filter>
    </ClInclude>
    <ClInclude Include="src\vm\stack.hpp">
      <Filter>src\vm</Filter>
    </ClInclude>
    <ClInclude Include="src\core\string_pool.hpp">
      <Filter>src\core</Filter>
    </ClInclude>
    <ClInclude Include="src\core\table.hpp">
      <Filter>src\core</Filter>
    </ClInclude>
    <ClInclude Include="src\common\types.hpp">
      <Filter>src\common</Filter>
    </ClInclude>
    <ClInclude Include="src\core\upvalue.hpp">
      <Filter>src\core</Filter>
    </ClInclude>
    <ClInclude Include="src\vm\vm.hpp">
      <Filter>src\vm</Filter>
    </ClInclude>
    <ClInclude Include="src\vm\vm_dispatch.hpp">
      <Filter>src\vm</Filter>
    </ClInclude>
    <ClInclude Include="src\vm\vm_internal.hpp">
      <Filter>src\vm</Filter>
    </ClInclude>
    <ClInclude Include="src\vm\lua_state.hpp">
      <Filter>src\vm</Filter>
    </ClInclude>
    <ClInclude Include="src\vm\global_state.hpp">
      <Filter>src\vm</Filter>
    </ClInclude>
    <ClInclude Include="src\core\value.hpp">
      <Filter>src\core</Filter>
    </ClInclude>
    <ClInclude Include="src\core\userdata.hpp">
      <Filter>src\core</Filter>
    </ClInclude>
    <ClInclude Include="src\compiler\token.hpp">
      <Filter>src\compiler</Filter>
    </ClInclude>
    <ClInclude Include="src\core\metatable.hpp">
      <Filter>src\core</Filter>
    </ClInclude>
    <ClInclude Include="src\io\dynamic_buffer.hpp">
      <Filter>src\io</Filter>
    </ClInclude>
    <ClInclude Include="src\io\file_loader.hpp">
      <Filter>src\io</Filter>
    </ClInclude>
    <ClInclude Include="src\io\input_stream.hpp">
      <Filter>src\io</Filter>
    </ClInclude>
    <ClInclude Include="src\lib\mathlib.hpp">
      <Filter>src\lib</Filter>
    </ClInclude>
    <ClInclude Include="src\lib\iolib.hpp">
      <Filter>src\lib</Filter>
    </ClInclude>
    <ClInclude Include="src\lib\stringlib.hpp">
      <Filter>src\lib</Filter>
    </ClInclude>
    <ClInclude Include="src\lib\tablelib.hpp">
      <Filter>src\lib</Filter>
    </ClInclude>
    <ClInclude Include="src\runtime\runtime_services.hpp">
      <Filter>src\runtime</Filter>
    </ClInclude>
    <ClInclude Include="src\lib\oslib.hpp">
      <Filter>src\lib</Filter>
    </ClInclude>
    <ClInclude Include="src\vm\vm_constants.hpp">
      <Filter>src\vm</Filter>
    </ClInclude>
    <ClInclude Include="src\debug\trace_types.hpp">
      <Filter>src\debug</Filter>
    </ClInclude>
    <ClInclude Include="src\debug\trace_sink.hpp">
      <Filter>src\debug</Filter>
    </ClInclude>
    <ClInclude Include="src\debug\value_serializer.hpp">
      <Filter>src\debug</Filter>
    </ClInclude>
    <ClInclude Include="src\debug\json_trace_sink.hpp">
      <Filter>src\debug</Filter>
    </ClInclude>
    <ClInclude Include="src\lib\coroutinelib.hpp">
      <Filter>src\lib</Filter>
    </ClInclude>
    <ClInclude Include="src\lib\debuglib.hpp">
      <Filter>src\lib</Filter>
    </ClInclude>
    <ClInclude Include="src\core\thread.hpp">
      <Filter>src\core</Filter>
    </ClInclude>
    <ClInclude Include="src\common\lua_error.hpp">
      <Filter>src\common</Filter>
    </ClInclude>
    <ClInclude Include="src\lib\packagelib.hpp">
      <Filter>src\lib</Filter>
    </ClInclude>
    <ClInclude Include="src\lib\lib_catalog.hpp">
      <Filter>src\lib</Filter>
    </ClInclude>
  </ItemGroup>
  <ItemGroup>
    <Filter Include="src">
      <UniqueIdentifier>{49bdff98-3f5f-43d0-afb0-a0009a725511}</UniqueIdentifier>
    </Filter>
    <Filter Include="src\common">
      <UniqueIdentifier>{4a0802ec-581c-4631-b63c-8cb645696f09}</UniqueIdentifier>
    </Filter>
    <Filter Include="src\compiler">
      <UniqueIdentifier>{b8d653a8-754a-4e11-b05e-869534ed1b67}</UniqueIdentifier>
    </Filter>
    <Filter Include="src\vm">
      <UniqueIdentifier>{83aed53b-cd08-49f3-9206-89fc9e5ed6e8}</UniqueIdentifier>
    </Filter>
    <Filter Include="src\lib">
      <UniqueIdentifier>{ade4e4bb-accb-4b49-8621-4ac5a3af2632}</UniqueIdentifier>
    </Filter>
    <Filter Include="src\gc">
      <UniqueIdentifier>{adc1377a-d016-4039-bca8-f4cd116b7538}</UniqueIdentifier>
    </Filter>
    <Filter Include="src\core">
      <UniqueIdentifier>{54f7779d-4990-4bb1-8328-8b5849bfc381}</UniqueIdentifier>
    </Filter>
    <Filter Include="src\io">
      <UniqueIdentifier>{eee28f8f-648a-4a6f-8271-7a76decc82cd}</UniqueIdentifier>
    </Filter>
    <Filter Include="src\debug">
      <UniqueIdentifier>{d1a2b3c4-e5f6-7890-abcd-ef1234567890}</UniqueIdentifier>
    </Filter>
    <Filter Include="src\runtime">
      <UniqueIdentifier>{f2b3c4d5-e6f7-8901-bcde-f23456789012}</UniqueIdentifier>
    </Filter>
  </ItemGroup>
</Project>
