<?xml version="1.0" encoding="utf-8"?>
<Project ToolsVersion="4.0" xmlns="http://schemas.microsoft.com/developer/msbuild/2003">
  <ItemGroup>
    <Filter Include="源文件">
      <UniqueIdentifier>{4FC737F1-C7A5-4376-A066-2A32D752A2FF}</UniqueIdentifier>
      <Extensions>cpp;c;cc;cxx;c++;cppm;ixx;def;odl;idl;hpj;bat;asm;asmx</Extensions>
    </Filter>
    <Filter Include="头文件">
      <UniqueIdentifier>{93995380-89BD-4b04-88EB-625FBE52EBFB}</UniqueIdentifier>
      <Extensions>h;hh;hpp;hxx;h++;hm;inl;inc;ipp;xsd</Extensions>
    </Filter>
    <Filter Include="资源文件">
      <UniqueIdentifier>{67DA6AB6-F800-4c08-8B7A-83BB121AAD01}</UniqueIdentifier>
      <Extensions>rc;ico;cur;bmp;dlg;rc2;rct;bin;rgs;gif;jpg;jpeg;jpe;resx;tiff;tif;png;wav;mfcribbon-ms</Extensions>
    </Filter>
    <Filter Include="common">
      <UniqueIdentifier>{b6c04bba-8779-4841-b9fb-2da55834544f}</UniqueIdentifier>
    </Filter>
    <Filter Include="compiler">
      <UniqueIdentifier>{986ee517-af90-42a8-b9c6-5da4fbfaedf5}</UniqueIdentifier>
    </Filter>
    <Filter Include="lexer">
      <UniqueIdentifier>{59e0b0d1-2fe2-42c9-be41-af5b47c866f4}</UniqueIdentifier>
    </Filter>
    <Filter Include="lib">
      <UniqueIdentifier>{a68d46a3-949a-4ce3-91e1-b550bed6d796}</UniqueIdentifier>
    </Filter>
    <Filter Include="parser">
      <UniqueIdentifier>{a56f02c5-be98-41cc-b9a7-a87b1332326c}</UniqueIdentifier>
    </Filter>
    <Filter Include="vm">
      <UniqueIdentifier>{cc9ca1e3-12d3-4572-9620-051950d98d37}</UniqueIdentifier>
    </Filter>
  </ItemGroup>
  <ItemGroup>
    <ClCompile Include="src\main.cpp">
      <Filter>源文件</Filter>
    </ClCompile>
    <ClCompile Include="src\vm\vm.cpp">
      <Filter>vm</Filter>
    </ClCompile>
    <ClCompile Include="src\parser\parser.cpp">
      <Filter>parser</Filter>
    </ClCompile>
    <ClCompile Include="src\lexer\lexer.cpp">
      <Filter>lexer</Filter>
    </ClCompile>
    <ClCompile Include="src\lib\base_lib.cpp">
      <Filter>lib</Filter>
    </ClCompile>
    <ClCompile Include="src\compiler\compiler.cpp">
      <Filter>compiler</Filter>
    </ClCompile>
    <ClCompile Include="src\vm\function.cpp">
      <Filter>vm</Filter>
    </ClCompile>
    <ClCompile Include="src\vm\state.cpp">
      <Filter>vm</Filter>
    </ClCompile>
    <ClCompile Include="src\vm\value.cpp">
      <Filter>vm</Filter>
    </ClCompile>
    <ClCompile Include="src\vm\table.cpp">
      <Filter>vm</Filter>
    </ClCompile>
    <ClCompile Include="src\vm\gc.cpp">
      <Filter>vm</Filter>
    </ClCompile>
  </ItemGroup>
  <ItemGroup>
    <ClInclude Include="src\lib\base_lib.hpp">
      <Filter>lib</Filter>
    </ClInclude>
    <ClInclude Include="src\compiler\compiler.hpp">
      <Filter>compiler</Filter>
    </ClInclude>
    <ClInclude Include="src\common\opcodes.hpp">
      <Filter>common</Filter>
    </ClInclude>
    <ClInclude Include="src\common\defines.hpp">
      <Filter>common</Filter>
    </ClInclude>
    <ClInclude Include="src\parser\parser.hpp">
      <Filter>parser</Filter>
    </ClInclude>
    <ClInclude Include="src\lexer\lexer.hpp">
      <Filter>lexer</Filter>
    </ClInclude>
    <ClInclude Include="src\vm\function.hpp">
      <Filter>vm</Filter>
    </ClInclude>
    <ClInclude Include="src\vm\state.hpp">
      <Filter>vm</Filter>
    </ClInclude>
    <ClInclude Include="src\vm\vm.hpp">
      <Filter>vm</Filter>
    </ClInclude>
    <ClInclude Include="src\vm\value.hpp">
      <Filter>vm</Filter>
    </ClInclude>
    <ClInclude Include="src\vm\table.hpp">
      <Filter>vm</Filter>
    </ClInclude>
    <ClInclude Include="src\types.hpp">
      <Filter>common</Filter>
    </ClInclude>
    <ClInclude Include="src\vm\gc.hpp">
      <Filter>vm</Filter>
    </ClInclude>
  </ItemGroup>
</Project>