<?xml version="1.0" encoding="utf-8"?>
<Project ToolsVersion="Current" xmlns="http://schemas.microsoft.com/developer/msbuild/2003">
  <ItemGroup>
    <Filter Include="src">
      <UniqueIdentifier>{E1000001-0001-0001-0001-000000000001}</UniqueIdentifier>
    </Filter>
    <Filter Include="src\app">
      <UniqueIdentifier>{E1000001-0002-0002-0002-000000000002}</UniqueIdentifier>
    </Filter>
    <Filter Include="src\runtime">
      <UniqueIdentifier>{E1000001-0003-0003-0003-000000000003}</UniqueIdentifier>
    </Filter>
    <Filter Include="src\bytecode">
      <UniqueIdentifier>{E1000001-0004-0004-0004-000000000004}</UniqueIdentifier>
    </Filter>
    <Filter Include="src\repl">
      <UniqueIdentifier>{E1000001-0005-0005-0005-000000000005}</UniqueIdentifier>
    </Filter>
  </ItemGroup>
  <ItemGroup>
    <ClInclude Include="src\app\app_options.hpp">
      <Filter>src\app</Filter>
    </ClInclude>
    <ClInclude Include="src\runtime\runtime_services.hpp">
      <Filter>src\runtime</Filter>
    </ClInclude>
    <ClInclude Include="src\repl.hpp">
      <Filter>src</Filter>
    </ClInclude>
    <ClInclude Include="src\repl\repl_comp.hpp">
      <Filter>src\repl</Filter>
    </ClInclude>
    <ClInclude Include="src\repl\repl_ctx.hpp">
      <Filter>src\repl</Filter>
    </ClInclude>
    <ClInclude Include="src\repl\repl_exe.hpp">
      <Filter>src\repl</Filter>
    </ClInclude>
    <ClInclude Include="src\repl\repl_hist.hpp">
      <Filter>src\repl</Filter>
    </ClInclude>
    <ClInclude Include="src\repl\repl_meta.hpp">
      <Filter>src\repl</Filter>
    </ClInclude>
    <ClInclude Include="src\repl\repl_prompt.hpp">
      <Filter>src\repl</Filter>
    </ClInclude>
    <ClInclude Include="src\repl\repl_sig.hpp">
      <Filter>src\repl</Filter>
    </ClInclude>
    <ClInclude Include="src\repl\repl_txt.hpp">
      <Filter>src\repl</Filter>
    </ClInclude>
  </ItemGroup>
  <ItemGroup>
    <ClCompile Include="src\app\app_options.cpp">
      <Filter>src\app</Filter>
    </ClCompile>
    <ClCompile Include="src\bytecode\bytecode_printer.cpp">
      <Filter>src\bytecode</Filter>
    </ClCompile>
    <ClCompile Include="src\main.cpp">
      <Filter>src</Filter>
    </ClCompile>
    <ClCompile Include="src\repl.cpp">
      <Filter>src</Filter>
    </ClCompile>
    <ClCompile Include="src\repl\repl_comp.cpp">
      <Filter>src\repl</Filter>
    </ClCompile>
    <ClCompile Include="src\repl\repl_ctx.cpp">
      <Filter>src\repl</Filter>
    </ClCompile>
    <ClCompile Include="src\repl\repl_exe.cpp">
      <Filter>src\repl</Filter>
    </ClCompile>
    <ClCompile Include="src\repl\repl_hist.cpp">
      <Filter>src\repl</Filter>
    </ClCompile>
    <ClCompile Include="src\repl\repl_meta.cpp">
      <Filter>src\repl</Filter>
    </ClCompile>
    <ClCompile Include="src\repl\repl_prompt.cpp">
      <Filter>src\repl</Filter>
    </ClCompile>
    <ClCompile Include="src\repl\repl_sig.cpp">
      <Filter>src\repl</Filter>
    </ClCompile>
  </ItemGroup>
</Project>
